// !$*UTF8*$!
{
	archiveVersion = 1;
	classes = {
	};
	objectVersion = 56;
	objects = {

/* Begin PBXBuildFile section */
		4EBC779E2C092E7A00CBF42E /* RecipeAppApp.swift in Sources */ = {isa = PBXBuildFile; fileRef = 4EBC779D2C092E7A00CBF42E /* RecipeAppApp.swift */; };
		4EBC77A02C092E7A00CBF42E /* ContentView.swift in Sources */ = {isa = PBXBuildFile; fileRef = 4EBC779F2C092E7A00CBF42E /* ContentView.swift */; };
		4EBC77A22C092E7C00CBF42E /* Assets.xcassets in Resources */ = {isa = PBXBuildFile; fileRef = 4EBC77A12C092E7C00CBF42E /* Assets.xcassets */; };
		4EBC77A52C092E7C00CBF42E /* Preview Assets.xcassets in Resources */ = {isa = PBXBuildFile; fileRef = 4EBC77A42C092E7C00CBF42E /* Preview Assets.xcassets */; };
		4EBC77B42C09301E00CBF42E /* HomeView.swift in Sources */ = {isa = PBXBuildFile; fileRef = 4EBC77B32C09301E00CBF42E /* HomeView.swift */; };
		4EBC77B82C09306D00CBF42E /* CategoriesView.swift in Sources */ = {isa = PBXBuildFile; fileRef = 4EBC77B72C09306D00CBF42E /* CategoriesView.swift */; };
		4EBC77BA2C09307C00CBF42E /* NewRecipeView.swift in Sources */ = {isa = PBXBuildFile; fileRef = 4EBC77B92C09307C00CBF42E /* NewRecipeView.swift */; };
		4EBC77BC2C09309300CBF42E /* FavoritesView.swift in Sources */ = {isa = PBXBuildFile; fileRef = 4EBC77BB2C09309300CBF42E /* FavoritesView.swift */; };
		4EBC77BE2C0930A300CBF42E /* SettingsView.swift in Sources */ = {isa = PBXBuildFile; fileRef = 4EBC77BD2C0930A300CBF42E /* SettingsView.swift */; };
		4EBC77C02C0939C000CBF42E /* TabBar.swift in Sources */ = {isa = PBXBuildFile; fileRef = 4EBC77BF2C0939C000CBF42E /* TabBar.swift */; };
		4EBC77C22C094A4700CBF42E /* RecipeModel.swift in Sources */ = {isa = PBXBuildFile; fileRef = 4EBC77C12C094A4700CBF42E /* RecipeModel.swift */; };
		4EBC77C42C0956EE00CBF42E /* RecipeCard.swift in Sources */ = {isa = PBXBuildFile; fileRef = 4EBC77C32C0956EE00CBF42E /* RecipeCard.swift */; };
		4EBC77C62C09603700CBF42E /* RecipeList.swift in Sources */ = {isa = PBXBuildFile; fileRef = 4EBC77C52C09603700CBF42E /* RecipeList.swift */; };
		4EBC77C82C0A939800CBF42E /* RecipeView.swift in Sources */ = {isa = PBXBuildFile; fileRef = 4EBC77C72C0A939800CBF42E /* RecipeView.swift */; };
		4EBC77CA2C0E5F9E00CBF42E /* CategoryView.swift in Sources */ = {isa = PBXBuildFile; fileRef = 4EBC77C92C0E5F9E00CBF42E /* CategoryView.swift */; };
/* End PBXBuildFile section */

/* Begin PBXFileReference section */
		4EBC779A2C092E7A00CBF42E /* RecipeApp.app */ = {isa = PBXFileReference; explicitFileType = wrapper.application; includeInIndex = 0; path = RecipeApp.app; sourceTree = BUILT_PRODUCTS_DIR; };
		4EBC779D2C092E7A00CBF42E /* RecipeAppApp.swift */ = {isa = PBXFileReference; lastKnownFileType = sourcecode.swift; path = RecipeAppApp.swift; sourceTree = "<group>"; };
		4EBC779F2C092E7A00CBF42E /* ContentView.swift */ = {isa = PBXFileReference; lastKnownFileType = sourcecode.swift; path = ContentView.swift; sourceTree = "<group>"; };
		4EBC77A12C092E7C00CBF42E /* Assets.xcassets */ = {isa = PBXFileReference; lastKnownFileType = folder.assetcatalog; path = Assets.xcassets; sourceTree = "<group>"; };
		4EBC77A42C092E7C00CBF42E /* Preview Assets.xcassets */ = {isa = PBXFileReference; lastKnownFileType = folder.assetcatalog; path = "Preview Assets.xcassets"; sourceTree = "<group>"; };
		4EBC77B32C09301E00CBF42E /* HomeView.swift */ = {isa = PBXFileReference; lastKnownFileType = sourcecode.swift; path = HomeView.swift; sourceTree = "<group>"; };
		4EBC77B72C09306D00CBF42E /* CategoriesView.swift */ = {isa = PBXFileReference; lastKnownFileType = sourcecode.swift; path = CategoriesView.swift; sourceTree = "<group>"; };
		4EBC77B92C09307C00CBF42E /* NewRecipeView.swift */ = {isa = PBXFileReference; lastKnownFileType = sourcecode.swift; path = NewRecipeView.swift; sourceTree = "<group>"; };
		4EBC77BB2C09309300CBF42E /* FavoritesView.swift */ = {isa = PBXFileReference; lastKnownFileType = sourcecode.swift; path = FavoritesView.swift; sourceTree = "<group>"; };
		4EBC77BD2C0930A300CBF42E /* SettingsView.swift */ = {isa = PBXFileReference; lastKnownFileType = sourcecode.swift; path = SettingsView.swift; sourceTree = "<group>"; };
		4EBC77BF2C0939C000CBF42E /* TabBar.swift */ = {isa = PBXFileReference; lastKnownFileType = sourcecode.swift; path = TabBar.swift; sourceTree = "<group>"; };
		4EBC77C12C094A4700CBF42E /* RecipeModel.swift */ = {isa = PBXFileReference; lastKnownFileType = sourcecode.swift; path = RecipeModel.swift; sourceTree = "<group>"; };
		4EBC77C32C0956EE00CBF42E /* RecipeCard.swift */ = {isa = PBXFileReference; lastKnownFileType = sourcecode.swift; path = RecipeCard.swift; sourceTree = "<group>"; };
		4EBC77C52C09603700CBF42E /* RecipeList.swift */ = {isa = PBXFileReference; lastKnownFileType = sourcecode.swift; path = RecipeList.swift; sourceTree = "<group>"; };
		4EBC77C72C0A939800CBF42E /* RecipeView.swift */ = {isa = PBXFileReference; lastKnownFileType = sourcecode.swift; path = RecipeView.swift; sourceTree = "<group>"; };
		4EBC77C92C0E5F9E00CBF42E /* CategoryView.swift */ = {isa = PBXFileReference; lastKnownFileType = sourcecode.swift; path = CategoryView.swift; sourceTree = "<group>"; };
/* End PBXFileReference section */

/* Begin PBXFrameworksBuildPhase section */
		4EBC77972C092E7A00CBF42E /* Frameworks */ = {
			isa = PBXFrameworksBuildPhase;
			buildActionMask = 2147483647;
			files = (
			);
			runOnlyForDeploymentPostprocessing = 0;
		};
/* End PBXFrameworksBuildPhase section */

/* Begin PBXGroup section */
		4EBC77912C092E7A00CBF42E = {
			isa = PBXGroup;
			children = (
				4EBC779C2C092E7A00CBF42E /* RecipeApp */,
				4EBC779B2C092E7A00CBF42E /* Products */,
			);
			sourceTree = "<group>";
		};
		4EBC779B2C092E7A00CBF42E /* Products */ = {
			isa = PBXGroup;
			children = (
				4EBC779A2C092E7A00CBF42E /* RecipeApp.app */,
			);
			name = Products;
			sourceTree = "<group>";
		};
		4EBC779C2C092E7A00CBF42E /* RecipeApp */ = {
			isa = PBXGroup;
			children = (
				4EBC779D2C092E7A00CBF42E /* RecipeAppApp.swift */,
				4EBC77B22C092F8000CBF42E /* ViewModels */,
				4EBC77AC2C092EDA00CBF42E /* Views */,
				4EBC77A12C092E7C00CBF42E /* Assets.xcassets */,
				4EBC77B12C092F6300CBF42E /* Models */,
				4EBC77A32C092E7C00CBF42E /* Preview Content */,
			);
			path = RecipeApp;
			sourceTree = "<group>";
		};
		4EBC77A32C092E7C00CBF42E /* Preview Content */ = {
			isa = PBXGroup;
			children = (
				4EBC77A42C092E7C00CBF42E /* Preview Assets.xcassets */,
			);
			path = "Preview Content";
			sourceTree = "<group>";
		};
		4EBC77AC2C092EDA00CBF42E /* Views */ = {
			isa = PBXGroup;
			children = (
				4EBC77B02C092F3D00CBF42E /* Components */,
				4EBC77AF2C092F3600CBF42E /* Detail */,
				4EBC77AD2C092EF000CBF42E /* Main */,
			);
			path = Views;
			sourceTree = "<group>";
		};
		4EBC77AD2C092EF000CBF42E /* Main */ = {
			isa = PBXGroup;
			children = (
				4EBC779F2C092E7A00CBF42E /* ContentView.swift */,
				4EBC77BF2C0939C000CBF42E /* TabBar.swift */,
				4EBC77B32C09301E00CBF42E /* HomeView.swift */,
				4EBC77B72C09306D00CBF42E /* CategoriesView.swift */,
				4EBC77B92C09307C00CBF42E /* NewRecipeView.swift */,
				4EBC77BB2C09309300CBF42E /* FavoritesView.swift */,
				4EBC77BD2C0930A300CBF42E /* SettingsView.swift */,
			);
			path = Main;
			sourceTree = "<group>";
		};
		4EBC77AF2C092F3600CBF42E /* Detail */ = {
			isa = PBXGroup;
			children = (
				4EBC77C72C0A939800CBF42E /* RecipeView.swift */,
				4EBC77C92C0E5F9E00CBF42E /* CategoryView.swift */,
			);
			path = Detail;
			sourceTree = "<group>";
		};
		4EBC77B02C092F3D00CBF42E /* Components */ = {
			isa = PBXGroup;
			children = (
				4EBC77C32C0956EE00CBF42E /* RecipeCard.swift */,
				4EBC77C52C09603700CBF42E /* RecipeList.swift */,
			);
			path = Components;
			sourceTree = "<group>";
		};
		4EBC77B12C092F6300CBF42E /* Models */ = {
			isa = PBXGroup;
			children = (
				4EBC77C12C094A4700CBF42E /* RecipeModel.swift */,
			);
			path = Models;
			sourceTree = "<group>";
		};
		4EBC77B22C092F8000CBF42E /* ViewModels */ = {
			isa = PBXGroup;
			children = (
			);
			path = ViewModels;
			sourceTree = "<group>";
		};
/* End PBXGroup section */

/* Begin PBXNativeTarget section */
		4EBC77992C092E7A00CBF42E /* RecipeApp */ = {
			isa = PBXNativeTarget;
			buildConfigurationList = 4EBC77A82C092E7C00CBF42E /* Build configuration list for PBXNativeTarget "RecipeApp" */;
			buildPhases = (
				4EBC77962C092E7A00CBF42E /* Sources */,
				4EBC77972C092E7A00CBF42E /* Frameworks */,
				4EBC77982C092E7A00CBF42E /* Resources */,
			);
			buildRules = (
			);
			dependencies = (
			);
			name = RecipeApp;
			productName = RecipeApp;
			productReference = 4EBC779A2C092E7A00CBF42E /* RecipeApp.app */;
			productType = "com.apple.product-type.application";
		};
/* End PBXNativeTarget section */

/* Begin PBXProject section */
		4EBC77922C092E7A00CBF42E /* Project object */ = {
			isa = PBXProject;
			attributes = {
				BuildIndependentTargetsInParallel = 1;
				LastSwiftUpdateCheck = 1540;
				LastUpgradeCheck = 1540;
				TargetAttributes = {
					4EBC77992C092E7A00CBF42E = {
						CreatedOnToolsVersion = 15.4;
					};
				};
			};
			buildConfigurationList = 4EBC77952C092E7A00CBF42E /* Build configuration list for PBXProject "RecipeApp" */;
			compatibilityVersion = "Xcode 14.0";
			developmentRegion = en;
			hasScannedForEncodings = 0;
			knownRegions = (
				en,
				Base,
			);
			mainGroup = 4EBC77912C092E7A00CBF42E;
			productRefGroup = 4EBC779B2C092E7A00CBF42E /* Products */;
			projectDirPath = "";
			projectRoot = "";
			targets = (
				4EBC77992C092E7A00CBF42E /* RecipeApp */,
			);
		};
/* End PBXProject section */

/* Begin PBXResourcesBuildPhase section */
		4EBC77982C092E7A00CBF42E /* Resources */ = {
			isa = PBXResourcesBuildPhase;
			buildActionMask = 2147483647;
			files = (
				4EBC77A52C092E7C00CBF42E /* Preview Assets.xcassets in Resources */,
				4EBC77A22C092E7C00CBF42E /* Assets.xcassets in Resources */,
			);
			runOnlyForDeploymentPostprocessing = 0;
		};
/* End PBXResourcesBuildPhase section */

/* Begin PBXSourcesBuildPhase section */
		4EBC77962C092E7A00CBF42E /* Sources */ = {
			isa = PBXSourcesBuildPhase;
			buildActionMask = 2147483647;
			files = (
				4EBC77BE2C0930A300CBF42E /* SettingsView.swift in Sources */,
				4EBC77C42C0956EE00CBF42E /* RecipeCard.swift in Sources */,
				4EBC77B82C09306D00CBF42E /* CategoriesView.swift in Sources */,
				4EBC77BA2C09307C00CBF42E /* NewRecipeView.swift in Sources */,
				4EBC77C02C0939C000CBF42E /* TabBar.swift in Sources */,
				4EBC77CA2C0E5F9E00CBF42E /* CategoryView.swift in Sources */,
				4EBC77BC2C09309300CBF42E /* FavoritesView.swift in Sources */,
				4EBC77C82C0A939800CBF42E /* RecipeView.swift in Sources */,
				4EBC77C62C09603700CBF42E /* RecipeList.swift in Sources */,
				4EBC77B42C09301E00CBF42E /* HomeView.swift in Sources */,
				4EBC77A02C092E7A00CBF42E /* ContentView.swift in Sources */,
				4EBC779E2C092E7A00CBF42E /* RecipeAppApp.swift in Sources */,
				4EBC77C22C094A4700CBF42E /* RecipeModel.swift in Sources */,
			);
			runOnlyForDeploymentPostprocessing = 0;
		};
/* End PBXSourcesBuildPhase section */

/* Begin XCBuildConfiguration section */
		4EBC77A62C092E7C00CBF42E /* Debug */ = {
			isa = XCBuildConfiguration;
			buildSettings = {
				ALWAYS_SEARCH_USER_PATHS = NO;
				ASSETCATALOG_COMPILER_GENERATE_SWIFT_ASSET_SYMBOL_EXTENSIONS = YES;
				CLANG_ANALYZER_NONNULL = YES;
				CLANG_ANALYZER_NUMBER_OBJECT_CONVERSION = YES_AGGRESSIVE;
				CLANG_CXX_LANGUAGE_STANDARD = "gnu++20";
				CLANG_ENABLE_MODULES = YES;
				CLANG_ENABLE_OBJC_ARC = YES;
				CLANG_ENABLE_OBJC_WEAK = YES;
				CLANG_WARN_BLOCK_CAPTURE_AUTORELEASING = YES;
				CLANG_WARN_BOOL_CONVERSION = YES;
				CLANG_WARN_COMMA = YES;
				CLANG_WARN_CONSTANT_CONVERSION = YES;
				CLANG_WARN_DEPRECATED_OBJC_IMPLEMENTATIONS = YES;
				CLANG_WARN_DIRECT_OBJC_ISA_USAGE = YES_ERROR;
				CLANG_WARN_DOCUMENTATION_COMMENTS = YES;
				CLANG_WARN_EMPTY_BODY = YES;
				CLANG_WARN_ENUM_CONVERSION = YES;
				CLANG_WARN_INFINITE_RECURSION = YES;
				CLANG_WARN_INT_CONVERSION = YES;
				CLANG_WARN_NON_LITERAL_NULL_CONVERSION = YES;
				CLANG_WARN_OBJC_IMPLICIT_RETAIN_SELF = YES;
				CLANG_WARN_OBJC_LITERAL_CONVERSION = YES;
				CLANG_WARN_OBJC_ROOT_CLASS = YES_ERROR;
				CLANG_WARN_QUOTED_INCLUDE_IN_FRAMEWORK_HEADER = YES;
				CLANG_WARN_RANGE_LOOP_ANALYSIS = YES;
				CLANG_WARN_STRICT_PROTOTYPES = YES;
				CLANG_WARN_SUSPICIOUS_MOVE = YES;
				CLANG_WARN_UNGUARDED_AVAILABILITY = YES_AGGRESSIVE;
				CLANG_WARN_UNREACHABLE_CODE = YES;
				CLANG_WARN__DUPLICATE_METHOD_MATCH = YES;
				COPY_PHASE_STRIP = NO;
				DEBUG_INFORMATION_FORMAT = dwarf;
				ENABLE_STRICT_OBJC_MSGSEND = YES;
				ENABLE_TESTABILITY = YES;
				ENABLE_USER_SCRIPT_SANDBOXING = YES;
				GCC_C_LANGUAGE_STANDARD = gnu17;
				GCC_DYNAMIC_NO_PIC = NO;
				GCC_NO_COMMON_BLOCKS = YES;
				GCC_OPTIMIZATION_LEVEL = 0;
				GCC_PREPROCESSOR_DEFINITIONS = (
					"DEBUG=1",
					"$(inherited)",
				);
				GCC_WARN_64_TO_32_BIT_CONVERSION = YES;
				GCC_WARN_ABOUT_RETURN_TYPE = YES_ERROR;
				GCC_WARN_UNDECLARED_SELECTOR = YES;
				GCC_WARN_UNINITIALIZED_AUTOS = YES_AGGRESSIVE;
				GCC_WARN_UNUSED_FUNCTION = YES;
				GCC_WARN_UNUSED_VARIABLE = YES;
				IPHONEOS_DEPLOYMENT_TARGET = 17.5;
				LOCALIZATION_PREFERS_STRING_CATALOGS = YES;
				MTL_ENABLE_DEBUG_INFO = INCLUDE_SOURCE;
				MTL_FAST_MATH = YES;
				ONLY_ACTIVE_ARCH = YES;
				SDKROOT = iphoneos;
				SWIFT_ACTIVE_COMPILATION_CONDITIONS = "DEBUG $(inherited)";
				SWIFT_OPTIMIZATION_LEVEL = "-Onone";
			};
			name = Debug;
		};
		4EBC77A72C092E7C00CBF42E /* Release */ = {
			isa = XCBuildConfiguration;
			buildSettings = {
				ALWAYS_SEARCH_USER_PATHS = NO;
				ASSETCATALOG_COMPILER_GENERATE_SWIFT_ASSET_SYMBOL_EXTENSIONS = YES;
				CLANG_ANALYZER_NONNULL = YES;
				CLANG_ANALYZER_NUMBER_OBJECT_CONVERSION = YES_AGGRESSIVE;
				CLANG_CXX_LANGUAGE_STANDARD = "gnu++20";
				CLANG_ENABLE_MODULES = YES;
				CLANG_ENABLE_OBJC_ARC = YES;
				CLANG_ENABLE_OBJC_WEAK = YES;
				CLANG_WARN_BLOCK_CAPTURE_AUTORELEASING = YES;
				CLANG_WARN_BOOL_CONVERSION = YES;
				CLANG_WARN_COMMA = YES;
				CLANG_WARN_CONSTANT_CONVERSION = YES;
				CLANG_WARN_DEPRECATED_OBJC_IMPLEMENTATIONS = YES;
				CLANG_WARN_DIRECT_OBJC_ISA_USAGE = YES_ERROR;
				CLANG_WARN_DOCUMENTATION_COMMENTS = YES;
				CLANG_WARN_EMPTY_BODY = YES;
				CLANG_WARN_ENUM_CONVERSION = YES;
				CLANG_WARN_INFINITE_RECURSION = YES;
				CLANG_WARN_INT_CONVERSION = YES;
				CLANG_WARN_NON_LITERAL_NULL_CONVERSION = YES;
				CLANG_WARN_OBJC_IMPLICIT_RETAIN_SELF = YES;
				CLANG_WARN_OBJC_LITERAL_CONVERSION = YES;
				CLANG_WARN_OBJC_ROOT_CLASS = YES_ERROR;
				CLANG_WARN_QUOTED_INCLUDE_IN_FRAMEWORK_HEADER = YES;
				CLANG_WARN_RANGE_LOOP_ANALYSIS = YES;
				CLANG_WARN_STRICT_PROTOTYPES = YES;
				CLANG_WARN_SUSPICIOUS_MOVE = YES;
				CLANG_WARN_UNGUARDED_AVAILABILITY = YES_AGGRESSIVE;
				CLANG_WARN_UNREACHABLE_CODE = YES;
				CLANG_WARN__DUPLICATE_METHOD_MATCH = YES;
				COPY_PHASE_STRIP = NO;
				DEBUG_INFORMATION_FORMAT = "dwarf-with-dsym";
				ENABLE_NS_ASSERTIONS = NO;
				ENABLE_STRICT_OBJC_MSGSEND = YES;
				ENABLE_USER_SCRIPT_SANDBOXING = YES;
				GCC_C_LANGUAGE_STANDARD = gnu17;
				GCC_NO_COMMON_BLOCKS = YES;
				GCC_WARN_64_TO_32_BIT_CONVERSION = YES;
				GCC_WARN_ABOUT_RETURN_TYPE = YES_ERROR;
				GCC_WARN_UNDECLARED_SELECTOR = YES;
				GCC_WARN_UNINITIALIZED_AUTOS = YES_AGGRESSIVE;
				GCC_WARN_UNUSED_FUNCTION = YES;
				GCC_WARN_UNUSED_VARIABLE = YES;
				IPHONEOS_DEPLOYMENT_TARGET = 17.5;
				LOCALIZATION_PREFERS_STRING_CATALOGS = YES;
				MTL_ENABLE_DEBUG_INFO = NO;
				MTL_FAST_MATH = YES;
				SDKROOT = iphoneos;
				SWIFT_COMPILATION_MODE = wholemodule;
				VALIDATE_PRODUCT = YES;
			};
			name = Release;
		};
		4EBC77A92C092E7C00CBF42E /* Debug */ = {
			isa = XCBuildConfiguration;
			buildSettings = {
				ASSETCATALOG_COMPILER_APPICON_NAME = AppIcon;
				ASSETCATALOG_COMPILER_GLOBAL_ACCENT_COLOR_NAME = AccentColor;
				CODE_SIGN_STYLE = Automatic;
				CURRENT_PROJECT_VERSION = 1;
				DEVELOPMENT_ASSET_PATHS = "\"RecipeApp/Preview Content\"";
				DEVELOPMENT_TEAM = 3WC267267S;
				ENABLE_PREVIEWS = YES;
				GENERATE_INFOPLIST_FILE = YES;
				INFOPLIST_KEY_UIApplicationSceneManifest_Generation = YES;
				INFOPLIST_KEY_UIApplicationSupportsIndirectInputEvents = YES;
				INFOPLIST_KEY_UILaunchScreen_Generation = YES;
				INFOPLIST_KEY_UISupportedInterfaceOrientations_iPad = "UIInterfaceOrientationPortrait UIInterfaceOrientationPortraitUpsideDown UIInterfaceOrientationLandscapeLeft UIInterfaceOrientationLandscapeRight";
				INFOPLIST_KEY_UISupportedInterfaceOrientations_iPhone = "UIInterfaceOrientationPortrait UIInterfaceOrientationLandscapeLeft UIInterfaceOrientationLandscapeRight";
				LD_RUNPATH_SEARCH_PATHS = (
					"$(inherited)",
					"@executable_path/Frameworks",
				);
				MARKETING_VERSION = 1.0;
				PRODUCT_BUNDLE_IDENTIFIER = com.benjamincardenas.RecipeApp;
				PRODUCT_NAME = "$(TARGET_NAME)";
				SWIFT_EMIT_LOC_STRINGS = YES;
				SWIFT_VERSION = 5.0;
				TARGETED_DEVICE_FAMILY = "1,2";
			};
			name = Debug;
		};
		4EBC77AA2C092E7C00CBF42E /* Release */ = {
			isa = XCBuildConfiguration;
			buildSettings = {
				ASSETCATALOG_COMPILER_APPICON_NAME = AppIcon;
				ASSETCATALOG_COMPILER_GLOBAL_ACCENT_COLOR_NAME = AccentColor;
				CODE_SIGN_STYLE = Automatic;
				CURRENT_PROJECT_VERSION = 1;
				DEVELOPMENT_ASSET_PATHS = "\"RecipeApp/Preview Content\"";
				DEVELOPMENT_TEAM = 3WC267267S;
				ENABLE_PREVIEWS = YES;
				GENERATE_INFOPLIST_FILE = YES;
				INFOPLIST_KEY_UIApplicationSceneManifest_Generation = YES;
				INFOPLIST_KEY_UIApplicationSupportsIndirectInputEvents = YES;
				INFOPLIST_KEY_UILaunchScreen_Generation = YES;
				INFOPLIST_KEY_UISupportedInterfaceOrientations_iPad = "UIInterfaceOrientationPortrait UIInterfaceOrientationPortraitUpsideDown UIInterfaceOrientationLandscapeLeft UIInterfaceOrientationLandscapeRight";
				INFOPLIST_KEY_UISupportedInterfaceOrientations_iPhone = "UIInterfaceOrientationPortrait UIInterfaceOrientationLandscapeLeft UIInterfaceOrientationLandscapeRight";
				LD_RUNPATH_SEARCH_PATHS = (
					"$(inherited)",
					"@executable_path/Frameworks",
				);
				MARKETING_VERSION = 1.0;
				PRODUCT_BUNDLE_IDENTIFIER = com.benjamincardenas.RecipeApp;
				PRODUCT_NAME = "$(TARGET_NAME)";
				SWIFT_EMIT_LOC_STRINGS = YES;
				SWIFT_VERSION = 5.0;
				TARGETED_DEVICE_FAMILY = "1,2";
			};
			name = Release;
		};
/* End XCBuildConfiguration section */

/* Begin XCConfigurationList section */
		4EBC77952C092E7A00CBF42E /* Build configuration list for PBXProject "RecipeApp" */ = {
			isa = XCConfigurationList;
			buildConfigurations = (
				4EBC77A62C092E7C00CBF42E /* Debug */,
				4EBC77A72C092E7C00CBF42E /* Release */,
			);
			defaultConfigurationIsVisible = 0;
			defaultConfigurationName = Release;
		};
		4EBC77A82C092E7C00CBF42E /* Build configuration list for PBXNativeTarget "RecipeApp" */ = {
			isa = XCConfigurationList;
			buildConfigurations = (
				4EBC77A92C092E7C00CBF42E /* Debug */,
				4EBC77AA2C092E7C00CBF42E /* Release */,
			);
			defaultConfigurationIsVisible = 0;
			defaultConfigurationName = Release;
		};
/* End XCConfigurationList section */
	};
	rootObject = 4EBC77922C092E7A00CBF42E /* Project object */;
}
